
Microsoft Visual Studio Solution File, Format Version 12.00
# Visual Studio Version 16
VisualStudioVersion = 16.0.33130.400
MinimumVisualStudioVersion = 10.0.40219.1
Project("{FAE04EC0-301F-11D3-BF4B-00C04F79EFBC}") = "AzureIOT", "AzureIOT\AzureIOT.csproj", "{3D08CEA8-79E4-47DD-986F-67404196784F}"
EndProject
Global
	GlobalSection(SolutionConfigurationPlatforms) = preSolution
		Debug|Any CPU = Debug|Any CPU
		Release|Any CPU = Release|Any CPU
	EndGlobalSection
	GlobalSection(ProjectConfigurationPlatforms) = postSolution
		{3D08CEA8-79E4-47DD-986F-67404196784F}.Debug|Any CPU.ActiveCfg = Debug|Any CPU
		{3D08CEA8-79E4-47DD-986F-67404196784F}.Debug|Any CPU.Build.0 = Debug|Any CPU
		{3D08CEA8-79E4-47DD-986F-67404196784F}.Release|Any CPU.ActiveCfg = Release|Any CPU
		{3D08CEA8-79E4-47DD-986F-67404196784F}.Release|Any CPU.Build.0 = Release|Any CPU
	EndGlobalSection
	GlobalSection(SolutionProperties) = preSolution
		HideSolutionNode = FALSE
	EndGlobalSection
	GlobalSection(ExtensibilityGlobals) = postSolution
		SolutionGuid = {52A69C9A-97E8-4A24-B7E3-C09BA5726D71}
	EndGlobalSection
EndGlobal
